# This file is automatically @generated by Cargo.
# It is not intended for manual editing.
version = 4

[[package]]
name = "riina-arena"
version = "0.1.0"

[[package]]
name = "riina-codegen"
version = "0.1.0"
dependencies = [
 "riina-types",
]

[[package]]
name = "riina-doc"
version = "0.1.0"
dependencies = [
 "riina-lexer",
 "riina-parser",
 "riina-types",
]

[[package]]
name = "riina-fmt"
version = "0.1.0"
dependencies = [
 "riina-lexer",
 "riina-parser",
 "riina-types",
]

[[package]]
name = "riina-lexer"
version = "0.1.0"

[[package]]
name = "riina-lsp"
version = "0.1.0"
dependencies = [
 "riina-lexer",
 "riina-parser",
 "riina-typechecker",
 "riina-types",
]

[[package]]
name = "riina-parser"
version = "0.1.0"
dependencies = [
 "riina-lexer",
 "riina-types",
]

[[package]]
name = "riina-span"
version = "0.1.0"

[[package]]
name = "riina-symbols"
version = "0.1.0"

[[package]]
name = "riina-typechecker"
version = "0.1.0"
dependencies = [
 "riina-types",
]

[[package]]
name = "riina-types"
version = "0.1.0"
dependencies = [
 "riina-lexer",
]

[[package]]
name = "riinac"
version = "0.1.0"
dependencies = [
 "riina-codegen",
 "riina-doc",
 "riina-fmt",
 "riina-lexer",
 "riina-lsp",
 "riina-parser",
 "riina-typechecker",
 "riina-types",
]
