# This file is automatically @generated by Cargo.
# It is not intended for manual editing.
version = 4

[[package]]
name = "teras-lang-codegen"
version = "0.1.0"
dependencies = [
 "teras-lang-lexer",
]

[[package]]
name = "teras-lang-lexer"
version = "0.1.0"

[[package]]
name = "teras-lang-parser"
version = "0.1.0"
dependencies = [
 "teras-lang-lexer",
]

[[package]]
name = "teras-lang-types"
version = "0.1.0"
dependencies = [
 "teras-lang-lexer",
]

[[package]]
name = "terasc"
version = "0.1.0"
dependencies = [
 "teras-lang-codegen",
 "teras-lang-lexer",
 "teras-lang-parser",
 "teras-lang-types",
]
